// !$*UTF8*$!
{
	archiveVersion = 1;
	classes = {
	};
	objectVersion = 56;
	objects = {

/* Begin PBXBuildFile section */
		C92E3F812A52417C00E90371 /* MorningFormulaApp.swift in Sources */ = {isa = PBXBuildFile; fileRef = C92E3F802A52417C00E90371 /* MorningFormulaApp.swift */; };
		C92E3F832A52417C00E90371 /* ContentView.swift in Sources */ = {isa = PBXBuildFile; fileRef = C92E3F822A52417C00E90371 /* ContentView.swift */; };
		C92E3F852A52417D00E90371 /* Assets.xcassets in Resources */ = {isa = PBXBuildFile; fileRef = C92E3F842A52417D00E90371 /* Assets.xcassets */; };
		C92E3F882A52417D00E90371 /* Preview Assets.xcassets in Resources */ = {isa = PBXBuildFile; fileRef = C92E3F872A52417D00E90371 /* Preview Assets.xcassets */; };
		C937811E2AA3901300EF490C /* RuleOfThirds.swift in Sources */ = {isa = PBXBuildFile; fileRef = C937811D2AA3901300EF490C /* RuleOfThirds.swift */; };
		C937812A2AA3C47300EF490C /* DayView.swift in Sources */ = {isa = PBXBuildFile; fileRef = C93781292AA3C47300EF490C /* DayView.swift */; };
		C937812D2AA3C48E00EF490C /* DayTaskCell.swift in Sources */ = {isa = PBXBuildFile; fileRef = C937812C2AA3C48E00EF490C /* DayTaskCell.swift */; };
		C9540CF02ABD01510067C6DE /* Onboarding.swift in Sources */ = {isa = PBXBuildFile; fileRef = C9540CEF2ABD01510067C6DE /* Onboarding.swift */; };
		C9540CF22AC201570067C6DE /* AddActivityView.swift in Sources */ = {isa = PBXBuildFile; fileRef = C9540CF12AC201570067C6DE /* AddActivityView.swift */; };
		C9540CF42AC2041E0067C6DE /* CountdownTimerView.swift in Sources */ = {isa = PBXBuildFile; fileRef = C9540CF32AC2041E0067C6DE /* CountdownTimerView.swift */; };
		C9540CF62AC22BA60067C6DE /* ColorSelection.swift in Sources */ = {isa = PBXBuildFile; fileRef = C9540CF52AC22BA60067C6DE /* ColorSelection.swift */; };
		C9540D032AC243770067C6DE /* SwiftUIIntrospect in Frameworks */ = {isa = PBXBuildFile; productRef = C9540D022AC243770067C6DE /* SwiftUIIntrospect */; };
		C9540D052AC273BB0067C6DE /* Home.swift in Sources */ = {isa = PBXBuildFile; fileRef = C9540D042AC273BB0067C6DE /* Home.swift */; };
		C9A086102AA3FC5C00C2CC14 /* TabBarView.swift in Sources */ = {isa = PBXBuildFile; fileRef = C9A0860F2AA3FC5C00C2CC14 /* TabBarView.swift */; };
		C9A086122AA40BC000C2CC14 /* AddTaskView.swift in Sources */ = {isa = PBXBuildFile; fileRef = C9A086112AA40BC000C2CC14 /* AddTaskView.swift */; };
		C9A086142AA42AE600C2CC14 /* PlaceholderExt.swift in Sources */ = {isa = PBXBuildFile; fileRef = C9A086132AA42AE500C2CC14 /* PlaceholderExt.swift */; };
		C9A086162AA61D5600C2CC14 /* Task.swift in Sources */ = {isa = PBXBuildFile; fileRef = C9A086152AA61D5600C2CC14 /* Task.swift */; };
		C9A086182AA6631900C2CC14 /* WeekView.swift in Sources */ = {isa = PBXBuildFile; fileRef = C9A086172AA6631900C2CC14 /* WeekView.swift */; };
		C9A0861A2AA76D1400C2CC14 /* PlannerView.swift in Sources */ = {isa = PBXBuildFile; fileRef = C9A086192AA76D1400C2CC14 /* PlannerView.swift */; };
		C9A086202AA966A800C2CC14 /* TaskWeekView.swift in Sources */ = {isa = PBXBuildFile; fileRef = C9A0861F2AA966A800C2CC14 /* TaskWeekView.swift */; };
		C9A086262AAC2EFA00C2CC14 /* CalendarWeekCarousel.swift in Sources */ = {isa = PBXBuildFile; fileRef = C9A086252AAC2EFA00C2CC14 /* CalendarWeekCarousel.swift */; };
		C9A086372AAEB4F400C2CC14 /* SwiftuiFSCalendar.swift in Sources */ = {isa = PBXBuildFile; fileRef = C9A086362AAEB4F400C2CC14 /* SwiftuiFSCalendar.swift */; };
		C9A0863A2AAEB52600C2CC14 /* FSCalendar in Frameworks */ = {isa = PBXBuildFile; productRef = C9A086392AAEB52600C2CC14 /* FSCalendar */; };
		C9A0863D2AB176B700C2CC14 /* SwiftUIInfiniteCarousel in Frameworks */ = {isa = PBXBuildFile; productRef = C9A0863C2AB176B700C2CC14 /* SwiftUIInfiniteCarousel */; };
		C9A0863F2AB1773600C2CC14 /* CalendarManager.swift in Sources */ = {isa = PBXBuildFile; fileRef = C9A0863E2AB1773600C2CC14 /* CalendarManager.swift */; };
		C9A086412AB1776400C2CC14 /* CalendarViewStore.swift in Sources */ = {isa = PBXBuildFile; fileRef = C9A086402AB1776400C2CC14 /* CalendarViewStore.swift */; };
		C9A086432AB1778F00C2CC14 /* CalendarEXT.swift in Sources */ = {isa = PBXBuildFile; fileRef = C9A086422AB1778F00C2CC14 /* CalendarEXT.swift */; };
		C9A086452AB177A500C2CC14 /* DateEXT.swift in Sources */ = {isa = PBXBuildFile; fileRef = C9A086442AB177A500C2CC14 /* DateEXT.swift */; };
		C9A086472AB177D300C2CC14 /* CalendarView.swift in Sources */ = {isa = PBXBuildFile; fileRef = C9A086462AB177D300C2CC14 /* CalendarView.swift */; };
		C9A086492AB177FD00C2CC14 /* DayCardView.swift in Sources */ = {isa = PBXBuildFile; fileRef = C9A086482AB177FD00C2CC14 /* DayCardView.swift */; };
		C9A086582ABBDF5400C2CC14 /* Activity.swift in Sources */ = {isa = PBXBuildFile; fileRef = C9A086572ABBDF5400C2CC14 /* Activity.swift */; };
		C9A0865A2ABBE05C00C2CC14 /* Season.swift in Sources */ = {isa = PBXBuildFile; fileRef = C9A086592ABBE05C00C2CC14 /* Season.swift */; };
		C9A0865C2ABBE1E600C2CC14 /* Goal.swift in Sources */ = {isa = PBXBuildFile; fileRef = C9A0865B2ABBE1E600C2CC14 /* Goal.swift */; };
		C9A0865E2ABC8BE300C2CC14 /* AddGoalView.swift in Sources */ = {isa = PBXBuildFile; fileRef = C9A0865D2ABC8BE300C2CC14 /* AddGoalView.swift */; };
		C9F225C22A54D5D80074AE89 /* ProfileOnboardingView.swift in Sources */ = {isa = PBXBuildFile; fileRef = C9F225C12A54D5D80074AE89 /* ProfileOnboardingView.swift */; };
		C9F225C42A550BA30074AE89 /* GenderChoiceView.swift in Sources */ = {isa = PBXBuildFile; fileRef = C9F225C32A550BA30074AE89 /* GenderChoiceView.swift */; };
		C9F225C62A550BCB0074AE89 /* ProfileOnboardingVM.swift in Sources */ = {isa = PBXBuildFile; fileRef = C9F225C52A550BCB0074AE89 /* ProfileOnboardingVM.swift */; };
		C9F225CD2A55A3680074AE89 /* GoalsInput.swift in Sources */ = {isa = PBXBuildFile; fileRef = C9F225CC2A55A3680074AE89 /* GoalsInput.swift */; };
/* End PBXBuildFile section */

/* Begin PBXFileReference section */
		C92E3F7D2A52417C00E90371 /* MorningFormula.app */ = {isa = PBXFileReference; explicitFileType = wrapper.application; includeInIndex = 0; path = MorningFormula.app; sourceTree = BUILT_PRODUCTS_DIR; };
		C92E3F802A52417C00E90371 /* MorningFormulaApp.swift */ = {isa = PBXFileReference; lastKnownFileType = sourcecode.swift; path = MorningFormulaApp.swift; sourceTree = "<group>"; };
		C92E3F822A52417C00E90371 /* ContentView.swift */ = {isa = PBXFileReference; lastKnownFileType = sourcecode.swift; path = ContentView.swift; sourceTree = "<group>"; };
		C92E3F842A52417D00E90371 /* Assets.xcassets */ = {isa = PBXFileReference; lastKnownFileType = folder.assetcatalog; path = Assets.xcassets; sourceTree = "<group>"; };
		C92E3F872A52417D00E90371 /* Preview Assets.xcassets */ = {isa = PBXFileReference; lastKnownFileType = folder.assetcatalog; path = "Preview Assets.xcassets"; sourceTree = "<group>"; };
		C937811D2AA3901300EF490C /* RuleOfThirds.swift */ = {isa = PBXFileReference; lastKnownFileType = sourcecode.swift; path = RuleOfThirds.swift; sourceTree = "<group>"; };
		C93781292AA3C47300EF490C /* DayView.swift */ = {isa = PBXFileReference; lastKnownFileType = sourcecode.swift; path = DayView.swift; sourceTree = "<group>"; };
		C937812C2AA3C48E00EF490C /* DayTaskCell.swift */ = {isa = PBXFileReference; lastKnownFileType = sourcecode.swift; path = DayTaskCell.swift; sourceTree = "<group>"; };
		C9540CEF2ABD01510067C6DE /* Onboarding.swift */ = {isa = PBXFileReference; lastKnownFileType = sourcecode.swift; path = Onboarding.swift; sourceTree = "<group>"; };
		C9540CF12AC201570067C6DE /* AddActivityView.swift */ = {isa = PBXFileReference; lastKnownFileType = sourcecode.swift; path = AddActivityView.swift; sourceTree = "<group>"; };
		C9540CF32AC2041E0067C6DE /* CountdownTimerView.swift */ = {isa = PBXFileReference; lastKnownFileType = sourcecode.swift; path = CountdownTimerView.swift; sourceTree = "<group>"; };
		C9540CF52AC22BA60067C6DE /* ColorSelection.swift */ = {isa = PBXFileReference; lastKnownFileType = sourcecode.swift; path = ColorSelection.swift; sourceTree = "<group>"; };
		C9540D042AC273BB0067C6DE /* Home.swift */ = {isa = PBXFileReference; lastKnownFileType = sourcecode.swift; path = Home.swift; sourceTree = "<group>"; };
		C9A0860F2AA3FC5C00C2CC14 /* TabBarView.swift */ = {isa = PBXFileReference; lastKnownFileType = sourcecode.swift; path = TabBarView.swift; sourceTree = "<group>"; };
		C9A086112AA40BC000C2CC14 /* AddTaskView.swift */ = {isa = PBXFileReference; lastKnownFileType = sourcecode.swift; path = AddTaskView.swift; sourceTree = "<group>"; };
		C9A086132AA42AE500C2CC14 /* PlaceholderExt.swift */ = {isa = PBXFileReference; lastKnownFileType = sourcecode.swift; path = PlaceholderExt.swift; sourceTree = "<group>"; };
		C9A086152AA61D5600C2CC14 /* Task.swift */ = {isa = PBXFileReference; lastKnownFileType = sourcecode.swift; path = Task.swift; sourceTree = "<group>"; };
		C9A086172AA6631900C2CC14 /* WeekView.swift */ = {isa = PBXFileReference; lastKnownFileType = sourcecode.swift; path = WeekView.swift; sourceTree = "<group>"; };
		C9A086192AA76D1400C2CC14 /* PlannerView.swift */ = {isa = PBXFileReference; lastKnownFileType = sourcecode.swift; path = PlannerView.swift; sourceTree = "<group>"; };
		C9A0861F2AA966A800C2CC14 /* TaskWeekView.swift */ = {isa = PBXFileReference; lastKnownFileType = sourcecode.swift; path = TaskWeekView.swift; sourceTree = "<group>"; };
		C9A086252AAC2EFA00C2CC14 /* CalendarWeekCarousel.swift */ = {isa = PBXFileReference; lastKnownFileType = sourcecode.swift; path = CalendarWeekCarousel.swift; sourceTree = "<group>"; };
		C9A086362AAEB4F400C2CC14 /* SwiftuiFSCalendar.swift */ = {isa = PBXFileReference; lastKnownFileType = sourcecode.swift; path = SwiftuiFSCalendar.swift; sourceTree = "<group>"; };
		C9A0863E2AB1773600C2CC14 /* CalendarManager.swift */ = {isa = PBXFileReference; lastKnownFileType = sourcecode.swift; path = CalendarManager.swift; sourceTree = "<group>"; };
		C9A086402AB1776400C2CC14 /* CalendarViewStore.swift */ = {isa = PBXFileReference; lastKnownFileType = sourcecode.swift; path = CalendarViewStore.swift; sourceTree = "<group>"; };
		C9A086422AB1778F00C2CC14 /* CalendarEXT.swift */ = {isa = PBXFileReference; lastKnownFileType = sourcecode.swift; path = CalendarEXT.swift; sourceTree = "<group>"; };
		C9A086442AB177A500C2CC14 /* DateEXT.swift */ = {isa = PBXFileReference; lastKnownFileType = sourcecode.swift; path = DateEXT.swift; sourceTree = "<group>"; };
		C9A086462AB177D300C2CC14 /* CalendarView.swift */ = {isa = PBXFileReference; lastKnownFileType = sourcecode.swift; path = CalendarView.swift; sourceTree = "<group>"; };
		C9A086482AB177FD00C2CC14 /* DayCardView.swift */ = {isa = PBXFileReference; lastKnownFileType = sourcecode.swift; path = DayCardView.swift; sourceTree = "<group>"; };
		C9A086572ABBDF5400C2CC14 /* Activity.swift */ = {isa = PBXFileReference; lastKnownFileType = sourcecode.swift; path = Activity.swift; sourceTree = "<group>"; };
		C9A086592ABBE05C00C2CC14 /* Season.swift */ = {isa = PBXFileReference; lastKnownFileType = sourcecode.swift; path = Season.swift; sourceTree = "<group>"; };
		C9A0865B2ABBE1E600C2CC14 /* Goal.swift */ = {isa = PBXFileReference; lastKnownFileType = sourcecode.swift; path = Goal.swift; sourceTree = "<group>"; };
		C9A0865D2ABC8BE300C2CC14 /* AddGoalView.swift */ = {isa = PBXFileReference; lastKnownFileType = sourcecode.swift; path = AddGoalView.swift; sourceTree = "<group>"; };
		C9F225C12A54D5D80074AE89 /* ProfileOnboardingView.swift */ = {isa = PBXFileReference; lastKnownFileType = sourcecode.swift; path = ProfileOnboardingView.swift; sourceTree = "<group>"; };
		C9F225C32A550BA30074AE89 /* GenderChoiceView.swift */ = {isa = PBXFileReference; lastKnownFileType = sourcecode.swift; path = GenderChoiceView.swift; sourceTree = "<group>"; };
		C9F225C52A550BCB0074AE89 /* ProfileOnboardingVM.swift */ = {isa = PBXFileReference; lastKnownFileType = sourcecode.swift; path = ProfileOnboardingVM.swift; sourceTree = "<group>"; };
		C9F225CC2A55A3680074AE89 /* GoalsInput.swift */ = {isa = PBXFileReference; lastKnownFileType = sourcecode.swift; path = GoalsInput.swift; sourceTree = "<group>"; };
/* End PBXFileReference section */

/* Begin PBXFrameworksBuildPhase section */
		C92E3F7A2A52417C00E90371 /* Frameworks */ = {
			isa = PBXFrameworksBuildPhase;
			buildActionMask = 2147483647;
			files = (
				C9540D032AC243770067C6DE /* SwiftUIIntrospect in Frameworks */,
				C9A0863D2AB176B700C2CC14 /* SwiftUIInfiniteCarousel in Frameworks */,
				C9A0863A2AAEB52600C2CC14 /* FSCalendar in Frameworks */,
			);
			runOnlyForDeploymentPostprocessing = 0;
		};
/* End PBXFrameworksBuildPhase section */

/* Begin PBXGroup section */
		C92E3F742A52417C00E90371 = {
			isa = PBXGroup;
			children = (
				C92E3F7F2A52417C00E90371 /* MorningFormula */,
				C92E3F7E2A52417C00E90371 /* Products */,
			);
			sourceTree = "<group>";
		};
		C92E3F7E2A52417C00E90371 /* Products */ = {
			isa = PBXGroup;
			children = (
				C92E3F7D2A52417C00E90371 /* MorningFormula.app */,
			);
			name = Products;
			sourceTree = "<group>";
		};
		C92E3F7F2A52417C00E90371 /* MorningFormula */ = {
			isa = PBXGroup;
			children = (
				C9F225CB2A550C320074AE89 /* MF */,
				C92E3F802A52417C00E90371 /* MorningFormulaApp.swift */,
				C92E3F822A52417C00E90371 /* ContentView.swift */,
				C92E3F862A52417D00E90371 /* Preview Content */,
				C92E3F842A52417D00E90371 /* Assets.xcassets */,
			);
			path = MorningFormula;
			sourceTree = "<group>";
		};
		C92E3F862A52417D00E90371 /* Preview Content */ = {
			isa = PBXGroup;
			children = (
				C92E3F872A52417D00E90371 /* Preview Assets.xcassets */,
			);
			path = "Preview Content";
			sourceTree = "<group>";
		};
		C93781222AA39E0100EF490C /* Calendar */ = {
			isa = PBXGroup;
			children = (
				C937812B2AA3C47C00EF490C /* Day */,
				C9A086172AA6631900C2CC14 /* WeekView.swift */,
				C9A086192AA76D1400C2CC14 /* PlannerView.swift */,
				C9A0861F2AA966A800C2CC14 /* TaskWeekView.swift */,
				C9A086252AAC2EFA00C2CC14 /* CalendarWeekCarousel.swift */,
				C9A086362AAEB4F400C2CC14 /* SwiftuiFSCalendar.swift */,
				C9A086462AB177D300C2CC14 /* CalendarView.swift */,
			);
			path = Calendar;
			sourceTree = "<group>";
		};
		C937812B2AA3C47C00EF490C /* Day */ = {
			isa = PBXGroup;
			children = (
				C93781292AA3C47300EF490C /* DayView.swift */,
				C937812C2AA3C48E00EF490C /* DayTaskCell.swift */,
				C9A086112AA40BC000C2CC14 /* AddTaskView.swift */,
				C9A086482AB177FD00C2CC14 /* DayCardView.swift */,
			);
			path = Day;
			sourceTree = "<group>";
		};
		C9F225C72A550BDA0074AE89 /* ViewModel */ = {
			isa = PBXGroup;
			children = (
				C9F225C52A550BCB0074AE89 /* ProfileOnboardingVM.swift */,
			);
			path = ViewModel;
			sourceTree = "<group>";
		};
		C9F225C82A550BEB0074AE89 /* View */ = {
			isa = PBXGroup;
			children = (
				C93781222AA39E0100EF490C /* Calendar */,
				C9F225C92A550BF50074AE89 /* Onboarding */,
				C9A0860F2AA3FC5C00C2CC14 /* TabBarView.swift */,
				C9A086132AA42AE500C2CC14 /* PlaceholderExt.swift */,
				C9540D042AC273BB0067C6DE /* Home.swift */,
			);
			path = View;
			sourceTree = "<group>";
		};
		C9F225C92A550BF50074AE89 /* Onboarding */ = {
			isa = PBXGroup;
			children = (
				C9F225C12A54D5D80074AE89 /* ProfileOnboardingView.swift */,
				C9F225C32A550BA30074AE89 /* GenderChoiceView.swift */,
				C9F225CC2A55A3680074AE89 /* GoalsInput.swift */,
				C9A0865D2ABC8BE300C2CC14 /* AddGoalView.swift */,
				C9540CEF2ABD01510067C6DE /* Onboarding.swift */,
				C9540CF12AC201570067C6DE /* AddActivityView.swift */,
				C9540CF32AC2041E0067C6DE /* CountdownTimerView.swift */,
				C9540CF52AC22BA60067C6DE /* ColorSelection.swift */,
			);
			path = Onboarding;
			sourceTree = "<group>";
		};
		C9F225CA2A550C120074AE89 /* Model */ = {
			isa = PBXGroup;
			children = (
				C9A086152AA61D5600C2CC14 /* Task.swift */,
				C9A0863E2AB1773600C2CC14 /* CalendarManager.swift */,
				C9A086402AB1776400C2CC14 /* CalendarViewStore.swift */,
				C9A086422AB1778F00C2CC14 /* CalendarEXT.swift */,
				C9A086442AB177A500C2CC14 /* DateEXT.swift */,
				C9A086572ABBDF5400C2CC14 /* Activity.swift */,
				C9A086592ABBE05C00C2CC14 /* Season.swift */,
				C9A0865B2ABBE1E600C2CC14 /* Goal.swift */,
			);
			path = Model;
			sourceTree = "<group>";
		};
		C9F225CB2A550C320074AE89 /* MF */ = {
			isa = PBXGroup;
			children = (
				C9F225CA2A550C120074AE89 /* Model */,
				C9F225C82A550BEB0074AE89 /* View */,
				C9F225C72A550BDA0074AE89 /* ViewModel */,
				C937811D2AA3901300EF490C /* RuleOfThirds.swift */,
			);
			path = MF;
			sourceTree = "<group>";
		};
/* End PBXGroup section */

/* Begin PBXNativeTarget section */
		C92E3F7C2A52417C00E90371 /* MorningFormula */ = {
			isa = PBXNativeTarget;
			buildConfigurationList = C92E3F8B2A52417D00E90371 /* Build configuration list for PBXNativeTarget "MorningFormula" */;
			buildPhases = (
				C92E3F792A52417C00E90371 /* Sources */,
				C92E3F7A2A52417C00E90371 /* Frameworks */,
				C92E3F7B2A52417C00E90371 /* Resources */,
			);
			buildRules = (
			);
			dependencies = (
			);
			name = MorningFormula;
			packageProductDependencies = (
				C9A086392AAEB52600C2CC14 /* FSCalendar */,
				C9A0863C2AB176B700C2CC14 /* SwiftUIInfiniteCarousel */,
				C9540D022AC243770067C6DE /* SwiftUIIntrospect */,
			);
			productName = MorningFormula;
			productReference = C92E3F7D2A52417C00E90371 /* MorningFormula.app */;
			productType = "com.apple.product-type.application";
		};
/* End PBXNativeTarget section */

/* Begin PBXProject section */
		C92E3F752A52417C00E90371 /* Project object */ = {
			isa = PBXProject;
			attributes = {
				BuildIndependentTargetsInParallel = 1;
				LastSwiftUpdateCheck = 1420;
				LastUpgradeCheck = 1420;
				TargetAttributes = {
					C92E3F7C2A52417C00E90371 = {
						CreatedOnToolsVersion = 14.2;
					};
				};
			};
			buildConfigurationList = C92E3F782A52417C00E90371 /* Build configuration list for PBXProject "MorningFormula" */;
			compatibilityVersion = "Xcode 14.0";
			developmentRegion = en;
			hasScannedForEncodings = 0;
			knownRegions = (
				en,
				Base,
			);
			mainGroup = C92E3F742A52417C00E90371;
			packageReferences = (
				C937811F2AA39DF100EF490C /* XCRemoteSwiftPackageReference "SwiftUICalendar" */,
				C9A086292AAD97FB00C2CC14 /* XCRemoteSwiftPackageReference "JZCalendarWeekView" */,
				C9A0862E2AAD99AB00C2CC14 /* XCRemoteSwiftPackageReference "swift-week-view" */,
				C9A086332AAEADB700C2CC14 /* XCRemoteSwiftPackageReference "SwiftUIPager" */,
				C9A086382AAEB52600C2CC14 /* XCRemoteSwiftPackageReference "FSCalendar" */,
				C9A0863B2AB176B700C2CC14 /* XCRemoteSwiftPackageReference "SwiftUIInfiniteCarousel" */,
				C9540D012AC243770067C6DE /* XCRemoteSwiftPackageReference "swiftui-introspect" */,
			);
			productRefGroup = C92E3F7E2A52417C00E90371 /* Products */;
			projectDirPath = "";
			projectRoot = "";
			targets = (
				C92E3F7C2A52417C00E90371 /* MorningFormula */,
			);
		};
/* End PBXProject section */

/* Begin PBXResourcesBuildPhase section */
		C92E3F7B2A52417C00E90371 /* Resources */ = {
			isa = PBXResourcesBuildPhase;
			buildActionMask = 2147483647;
			files = (
				C92E3F882A52417D00E90371 /* Preview Assets.xcassets in Resources */,
				C92E3F852A52417D00E90371 /* Assets.xcassets in Resources */,
			);
			runOnlyForDeploymentPostprocessing = 0;
		};
/* End PBXResourcesBuildPhase section */

/* Begin PBXSourcesBuildPhase section */
		C92E3F792A52417C00E90371 /* Sources */ = {
			isa = PBXSourcesBuildPhase;
			buildActionMask = 2147483647;
			files = (
				C92E3F832A52417C00E90371 /* ContentView.swift in Sources */,
				C9A086122AA40BC000C2CC14 /* AddTaskView.swift in Sources */,
				C9A086472AB177D300C2CC14 /* CalendarView.swift in Sources */,
				C937812A2AA3C47300EF490C /* DayView.swift in Sources */,
				C9A086432AB1778F00C2CC14 /* CalendarEXT.swift in Sources */,
				C9A086582ABBDF5400C2CC14 /* Activity.swift in Sources */,
				C9A086102AA3FC5C00C2CC14 /* TabBarView.swift in Sources */,
				C9A0865C2ABBE1E600C2CC14 /* Goal.swift in Sources */,
				C92E3F812A52417C00E90371 /* MorningFormulaApp.swift in Sources */,
				C9540CF22AC201570067C6DE /* AddActivityView.swift in Sources */,
				C9A0865A2ABBE05C00C2CC14 /* Season.swift in Sources */,
				C9A0863F2AB1773600C2CC14 /* CalendarManager.swift in Sources */,
				C9A0861A2AA76D1400C2CC14 /* PlannerView.swift in Sources */,
				C9F225C42A550BA30074AE89 /* GenderChoiceView.swift in Sources */,
				C9A086182AA6631900C2CC14 /* WeekView.swift in Sources */,
				C9A086142AA42AE600C2CC14 /* PlaceholderExt.swift in Sources */,
				C9A086162AA61D5600C2CC14 /* Task.swift in Sources */,
				C937812D2AA3C48E00EF490C /* DayTaskCell.swift in Sources */,
				C9A086412AB1776400C2CC14 /* CalendarViewStore.swift in Sources */,
				C9F225C22A54D5D80074AE89 /* ProfileOnboardingView.swift in Sources */,
				C9540CF62AC22BA60067C6DE /* ColorSelection.swift in Sources */,
				C9A0865E2ABC8BE300C2CC14 /* AddGoalView.swift in Sources */,
				C9540CF42AC2041E0067C6DE /* CountdownTimerView.swift in Sources */,
				C9A086372AAEB4F400C2CC14 /* SwiftuiFSCalendar.swift in Sources */,
				C9F225C62A550BCB0074AE89 /* ProfileOnboardingVM.swift in Sources */,
				C9540D052AC273BB0067C6DE /* Home.swift in Sources */,
				C9540CF02ABD01510067C6DE /* Onboarding.swift in Sources */,
				C9A086452AB177A500C2CC14 /* DateEXT.swift in Sources */,
				C937811E2AA3901300EF490C /* RuleOfThirds.swift in Sources */,
				C9F225CD2A55A3680074AE89 /* GoalsInput.swift in Sources */,
				C9A086262AAC2EFA00C2CC14 /* CalendarWeekCarousel.swift in Sources */,
				C9A086202AA966A800C2CC14 /* TaskWeekView.swift in Sources */,
				C9A086492AB177FD00C2CC14 /* DayCardView.swift in Sources */,
			);
			runOnlyForDeploymentPostprocessing = 0;
		};
/* End PBXSourcesBuildPhase section */

/* Begin XCBuildConfiguration section */
		C92E3F892A52417D00E90371 /* Debug */ = {
			isa = XCBuildConfiguration;
			buildSettings = {
				ALWAYS_SEARCH_USER_PATHS = NO;
				CLANG_ANALYZER_NONNULL = YES;
				CLANG_ANALYZER_NUMBER_OBJECT_CONVERSION = YES_AGGRESSIVE;
				CLANG_CXX_LANGUAGE_STANDARD = "gnu++20";
				CLANG_ENABLE_MODULES = YES;
				CLANG_ENABLE_OBJC_ARC = YES;
				CLANG_ENABLE_OBJC_WEAK = YES;
				CLANG_WARN_BLOCK_CAPTURE_AUTORELEASING = YES;
				CLANG_WARN_BOOL_CONVERSION = YES;
				CLANG_WARN_COMMA = YES;
				CLANG_WARN_CONSTANT_CONVERSION = YES;
				CLANG_WARN_DEPRECATED_OBJC_IMPLEMENTATIONS = YES;
				CLANG_WARN_DIRECT_OBJC_ISA_USAGE = YES_ERROR;
				CLANG_WARN_DOCUMENTATION_COMMENTS = YES;
				CLANG_WARN_EMPTY_BODY = YES;
				CLANG_WARN_ENUM_CONVERSION = YES;
				CLANG_WARN_INFINITE_RECURSION = YES;
				CLANG_WARN_INT_CONVERSION = YES;
				CLANG_WARN_NON_LITERAL_NULL_CONVERSION = YES;
				CLANG_WARN_OBJC_IMPLICIT_RETAIN_SELF = YES;
				CLANG_WARN_OBJC_LITERAL_CONVERSION = YES;
				CLANG_WARN_OBJC_ROOT_CLASS = YES_ERROR;
				CLANG_WARN_QUOTED_INCLUDE_IN_FRAMEWORK_HEADER = YES;
				CLANG_WARN_RANGE_LOOP_ANALYSIS = YES;
				CLANG_WARN_STRICT_PROTOTYPES = YES;
				CLANG_WARN_SUSPICIOUS_MOVE = YES;
				CLANG_WARN_UNGUARDED_AVAILABILITY = YES_AGGRESSIVE;
				CLANG_WARN_UNREACHABLE_CODE = YES;
				CLANG_WARN__DUPLICATE_METHOD_MATCH = YES;
				COPY_PHASE_STRIP = NO;
				DEBUG_INFORMATION_FORMAT = dwarf;
				ENABLE_STRICT_OBJC_MSGSEND = YES;
				ENABLE_TESTABILITY = YES;
				GCC_C_LANGUAGE_STANDARD = gnu11;
				GCC_DYNAMIC_NO_PIC = NO;
				GCC_NO_COMMON_BLOCKS = YES;
				GCC_OPTIMIZATION_LEVEL = 0;
				GCC_PREPROCESSOR_DEFINITIONS = (
					"DEBUG=1",
					"$(inherited)",
				);
				GCC_WARN_64_TO_32_BIT_CONVERSION = YES;
				GCC_WARN_ABOUT_RETURN_TYPE = YES_ERROR;
				GCC_WARN_UNDECLARED_SELECTOR = YES;
				GCC_WARN_UNINITIALIZED_AUTOS = YES_AGGRESSIVE;
				GCC_WARN_UNUSED_FUNCTION = YES;
				GCC_WARN_UNUSED_VARIABLE = YES;
				IPHONEOS_DEPLOYMENT_TARGET = 16.2;
				MTL_ENABLE_DEBUG_INFO = INCLUDE_SOURCE;
				MTL_FAST_MATH = YES;
				ONLY_ACTIVE_ARCH = YES;
				SDKROOT = iphoneos;
				SWIFT_ACTIVE_COMPILATION_CONDITIONS = DEBUG;
				SWIFT_OPTIMIZATION_LEVEL = "-Onone";
			};
			name = Debug;
		};
		C92E3F8A2A52417D00E90371 /* Release */ = {
			isa = XCBuildConfiguration;
			buildSettings = {
				ALWAYS_SEARCH_USER_PATHS = NO;
				CLANG_ANALYZER_NONNULL = YES;
				CLANG_ANALYZER_NUMBER_OBJECT_CONVERSION = YES_AGGRESSIVE;
				CLANG_CXX_LANGUAGE_STANDARD = "gnu++20";
				CLANG_ENABLE_MODULES = YES;
				CLANG_ENABLE_OBJC_ARC = YES;
				CLANG_ENABLE_OBJC_WEAK = YES;
				CLANG_WARN_BLOCK_CAPTURE_AUTORELEASING = YES;
				CLANG_WARN_BOOL_CONVERSION = YES;
				CLANG_WARN_COMMA = YES;
				CLANG_WARN_CONSTANT_CONVERSION = YES;
				CLANG_WARN_DEPRECATED_OBJC_IMPLEMENTATIONS = YES;
				CLANG_WARN_DIRECT_OBJC_ISA_USAGE = YES_ERROR;
				CLANG_WARN_DOCUMENTATION_COMMENTS = YES;
				CLANG_WARN_EMPTY_BODY = YES;
				CLANG_WARN_ENUM_CONVERSION = YES;
				CLANG_WARN_INFINITE_RECURSION = YES;
				CLANG_WARN_INT_CONVERSION = YES;
				CLANG_WARN_NON_LITERAL_NULL_CONVERSION = YES;
				CLANG_WARN_OBJC_IMPLICIT_RETAIN_SELF = YES;
				CLANG_WARN_OBJC_LITERAL_CONVERSION = YES;
				CLANG_WARN_OBJC_ROOT_CLASS = YES_ERROR;
				CLANG_WARN_QUOTED_INCLUDE_IN_FRAMEWORK_HEADER = YES;
				CLANG_WARN_RANGE_LOOP_ANALYSIS = YES;
				CLANG_WARN_STRICT_PROTOTYPES = YES;
				CLANG_WARN_SUSPICIOUS_MOVE = YES;
				CLANG_WARN_UNGUARDED_AVAILABILITY = YES_AGGRESSIVE;
				CLANG_WARN_UNREACHABLE_CODE = YES;
				CLANG_WARN__DUPLICATE_METHOD_MATCH = YES;
				COPY_PHASE_STRIP = NO;
				DEBUG_INFORMATION_FORMAT = "dwarf-with-dsym";
				ENABLE_NS_ASSERTIONS = NO;
				ENABLE_STRICT_OBJC_MSGSEND = YES;
				GCC_C_LANGUAGE_STANDARD = gnu11;
				GCC_NO_COMMON_BLOCKS = YES;
				GCC_WARN_64_TO_32_BIT_CONVERSION = YES;
				GCC_WARN_ABOUT_RETURN_TYPE = YES_ERROR;
				GCC_WARN_UNDECLARED_SELECTOR = YES;
				GCC_WARN_UNINITIALIZED_AUTOS = YES_AGGRESSIVE;
				GCC_WARN_UNUSED_FUNCTION = YES;
				GCC_WARN_UNUSED_VARIABLE = YES;
				IPHONEOS_DEPLOYMENT_TARGET = 16.2;
				MTL_ENABLE_DEBUG_INFO = NO;
				MTL_FAST_MATH = YES;
				SDKROOT = iphoneos;
				SWIFT_COMPILATION_MODE = wholemodule;
				SWIFT_OPTIMIZATION_LEVEL = "-O";
				VALIDATE_PRODUCT = YES;
			};
			name = Release;
		};
		C92E3F8C2A52417D00E90371 /* Debug */ = {
			isa = XCBuildConfiguration;
			buildSettings = {
				ASSETCATALOG_COMPILER_APPICON_NAME = AppIcon;
				ASSETCATALOG_COMPILER_GLOBAL_ACCENT_COLOR_NAME = AccentColor;
				CODE_SIGN_STYLE = Automatic;
				CURRENT_PROJECT_VERSION = 1;
				DEVELOPMENT_ASSET_PATHS = "\"MorningFormula/Preview Content\"";
				DEVELOPMENT_TEAM = Q4449HJNAM;
				ENABLE_PREVIEWS = YES;
				GENERATE_INFOPLIST_FILE = YES;
				INFOPLIST_KEY_NSCalendarsUsageDescription = "Add your personal calendar events by allowing the app permission to your calnedars.";
				INFOPLIST_KEY_UIApplicationSceneManifest_Generation = YES;
				INFOPLIST_KEY_UIApplicationSupportsIndirectInputEvents = YES;
				INFOPLIST_KEY_UILaunchScreen_Generation = YES;
				INFOPLIST_KEY_UISupportedInterfaceOrientations_iPad = "UIInterfaceOrientationPortrait UIInterfaceOrientationPortraitUpsideDown UIInterfaceOrientationLandscapeLeft UIInterfaceOrientationLandscapeRight";
				INFOPLIST_KEY_UISupportedInterfaceOrientations_iPhone = "UIInterfaceOrientationPortrait UIInterfaceOrientationLandscapeLeft UIInterfaceOrientationLandscapeRight";
				LD_RUNPATH_SEARCH_PATHS = (
					"$(inherited)",
					"@executable_path/Frameworks",
				);
				MARKETING_VERSION = 1.0;
				PRODUCT_BUNDLE_IDENTIFIER = Konoha7.MorningFormula;
				PRODUCT_NAME = "$(TARGET_NAME)";
				SWIFT_EMIT_LOC_STRINGS = YES;
				SWIFT_VERSION = 5.0;
				TARGETED_DEVICE_FAMILY = "1,2";
			};
			name = Debug;
		};
		C92E3F8D2A52417D00E90371 /* Release */ = {
			isa = XCBuildConfiguration;
			buildSettings = {
				ASSETCATALOG_COMPILER_APPICON_NAME = AppIcon;
				ASSETCATALOG_COMPILER_GLOBAL_ACCENT_COLOR_NAME = AccentColor;
				CODE_SIGN_STYLE = Automatic;
				CURRENT_PROJECT_VERSION = 1;
				DEVELOPMENT_ASSET_PATHS = "\"MorningFormula/Preview Content\"";
				DEVELOPMENT_TEAM = Q4449HJNAM;
				ENABLE_PREVIEWS = YES;
				GENERATE_INFOPLIST_FILE = YES;
				INFOPLIST_KEY_NSCalendarsUsageDescription = "Add your personal calendar events by allowing the app permission to your calnedars.";
				INFOPLIST_KEY_UIApplicationSceneManifest_Generation = YES;
				INFOPLIST_KEY_UIApplicationSupportsIndirectInputEvents = YES;
				INFOPLIST_KEY_UILaunchScreen_Generation = YES;
				INFOPLIST_KEY_UISupportedInterfaceOrientations_iPad = "UIInterfaceOrientationPortrait UIInterfaceOrientationPortraitUpsideDown UIInterfaceOrientationLandscapeLeft UIInterfaceOrientationLandscapeRight";
				INFOPLIST_KEY_UISupportedInterfaceOrientations_iPhone = "UIInterfaceOrientationPortrait UIInterfaceOrientationLandscapeLeft UIInterfaceOrientationLandscapeRight";
				LD_RUNPATH_SEARCH_PATHS = (
					"$(inherited)",
					"@executable_path/Frameworks",
				);
				MARKETING_VERSION = 1.0;
				PRODUCT_BUNDLE_IDENTIFIER = Konoha7.MorningFormula;
				PRODUCT_NAME = "$(TARGET_NAME)";
				SWIFT_EMIT_LOC_STRINGS = YES;
				SWIFT_VERSION = 5.0;
				TARGETED_DEVICE_FAMILY = "1,2";
			};
			name = Release;
		};
/* End XCBuildConfiguration section */

/* Begin XCConfigurationList section */
		C92E3F782A52417C00E90371 /* Build configuration list for PBXProject "MorningFormula" */ = {
			isa = XCConfigurationList;
			buildConfigurations = (
				C92E3F892A52417D00E90371 /* Debug */,
				C92E3F8A2A52417D00E90371 /* Release */,
			);
			defaultConfigurationIsVisible = 0;
			defaultConfigurationName = Release;
		};
		C92E3F8B2A52417D00E90371 /* Build configuration list for PBXNativeTarget "MorningFormula" */ = {
			isa = XCConfigurationList;
			buildConfigurations = (
				C92E3F8C2A52417D00E90371 /* Debug */,
				C92E3F8D2A52417D00E90371 /* Release */,
			);
			defaultConfigurationIsVisible = 0;
			defaultConfigurationName = Release;
		};
/* End XCConfigurationList section */

/* Begin XCRemoteSwiftPackageReference section */
		C937811F2AA39DF100EF490C /* XCRemoteSwiftPackageReference "SwiftUICalendar" */ = {
			isa = XCRemoteSwiftPackageReference;
			repositoryURL = "https://github.com/GGJJack/SwiftUICalendar";
			requirement = {
				kind = upToNextMajorVersion;
				minimumVersion = 0.1.6;
			};
		};
		C9540D012AC243770067C6DE /* XCRemoteSwiftPackageReference "swiftui-introspect" */ = {
			isa = XCRemoteSwiftPackageReference;
			repositoryURL = "https://github.com/siteline/swiftui-introspect";
			requirement = {
				branch = main;
				kind = branch;
			};
		};
		C9A086292AAD97FB00C2CC14 /* XCRemoteSwiftPackageReference "JZCalendarWeekView" */ = {
			isa = XCRemoteSwiftPackageReference;
			repositoryURL = "https://github.com/zjfjack/JZCalendarWeekView.git";
			requirement = {
				kind = upToNextMajorVersion;
				minimumVersion = 0.7.2;
			};
		};
		C9A0862E2AAD99AB00C2CC14 /* XCRemoteSwiftPackageReference "swift-week-view" */ = {
			isa = XCRemoteSwiftPackageReference;
			repositoryURL = "https://github.com/EvanCooper9/swift-week-view";
			requirement = {
				branch = swiftui;
				kind = branch;
			};
		};
		C9A086332AAEADB700C2CC14 /* XCRemoteSwiftPackageReference "SwiftUIPager" */ = {
			isa = XCRemoteSwiftPackageReference;
			repositoryURL = "https://github.com/fermoya/SwiftUIPager.git";
			requirement = {
				kind = upToNextMajorVersion;
				minimumVersion = 2.0.0;
			};
		};
		C9A086382AAEB52600C2CC14 /* XCRemoteSwiftPackageReference "FSCalendar" */ = {
			isa = XCRemoteSwiftPackageReference;
			repositoryURL = "https://github.com/WenchaoD/FSCalendar.git";
			requirement = {
				kind = upToNextMajorVersion;
				minimumVersion = 2.0.0;
			};
		};
		C9A0863B2AB176B700C2CC14 /* XCRemoteSwiftPackageReference "SwiftUIInfiniteCarousel" */ = {
			isa = XCRemoteSwiftPackageReference;
			repositoryURL = "https://github.com/dancarvajc/SwiftUIInfiniteCarousel.git";
			requirement = {
				kind = upToNextMajorVersion;
				minimumVersion = 1.0.0;
			};
		};
/* End XCRemoteSwiftPackageReference section */

/* Begin XCSwiftPackageProductDependency section */
		C9540D022AC243770067C6DE /* SwiftUIIntrospect */ = {
			isa = XCSwiftPackageProductDependency;
			package = C9540D012AC243770067C6DE /* XCRemoteSwiftPackageReference "swiftui-introspect" */;
			productName = SwiftUIIntrospect;
		};
		C9A086392AAEB52600C2CC14 /* FSCalendar */ = {
			isa = XCSwiftPackageProductDependency;
			package = C9A086382AAEB52600C2CC14 /* XCRemoteSwiftPackageReference "FSCalendar" */;
			productName = FSCalendar;
		};
		C9A0863C2AB176B700C2CC14 /* SwiftUIInfiniteCarousel */ = {
			isa = XCSwiftPackageProductDependency;
			package = C9A0863B2AB176B700C2CC14 /* XCRemoteSwiftPackageReference "SwiftUIInfiniteCarousel" */;
			productName = SwiftUIInfiniteCarousel;
		};
/* End XCSwiftPackageProductDependency section */
	};
	rootObject = C92E3F752A52417C00E90371 /* Project object */;
}
